// !$*UTF8*$!
{
	archiveVersion = 1;
	classes = {
	};
	objectVersion = 51;
	objects = {

/* Begin PBXBuildFile section */
		ADDE66B60BE46DA22546F986 /* libsoundpipe.a in Frameworks */ = {isa = PBXBuildFile; fileRef = A482E817509786E89A826657 /* libsoundpipe.a */; };
		B0EF876E2A82F7915DF63857 /* sp_osc~.c in Sources */ = {isa = PBXBuildFile; fileRef = 290D723B95D7A7FA503B22AE /* sp_osc~.c */; };
		D4CEDC47B6D8AA8156F191C2 /* CoreFoundation.framework in Frameworks */ = {isa = PBXBuildFile; fileRef = 0B0E241EAAB66EFD174C2F40 /* CoreFoundation.framework */; };
		F6DF62B275B0191A98AE419C /* libsndfile.a in Frameworks */ = {isa = PBXBuildFile; fileRef = 3C317CCEACB9122609D47C4B /* libsndfile.a */; };
/* End PBXBuildFile section */

/* Begin PBXFileReference section */
		03DFE615237F8175CAA86ECD /* include */ = {isa = PBXFileReference; lastKnownFileType = folder; name = include; path = ../include; sourceTree = SOURCE_ROOT; };
		0B0E241EAAB66EFD174C2F40 /* CoreFoundation.framework */ = {isa = PBXFileReference; lastKnownFileType = wrapper.framework; name = CoreFoundation.framework; path = System/Library/Frameworks/CoreFoundation.framework; sourceTree = SDKROOT; };
		290D723B95D7A7FA503B22AE /* sp_osc~.c */ = {isa = PBXFileReference; lastKnownFileType = sourcecode.c.c; path = "sp_osc~.c"; sourceTree = "<group>"; };
		3C317CCEACB9122609D47C4B /* libsndfile.a */ = {isa = PBXFileReference; lastKnownFileType = archive.ar; name = libsndfile.a; path = ../lib/libsndfile.a; sourceTree = "<group>"; };
		7AF9CA98F51B7AC81CE5045A /* project.xcconfig */ = {isa = PBXFileReference; lastKnownFileType = text.xcconfig; path = project.xcconfig; sourceTree = "<group>"; };
		7BEB142AED7A8B2CBD9AB898 /* sp_osc~.bundle */ = {isa = PBXFileReference; explicitFileType = wrapper.cfbundle; includeInIndex = 0; path = "sp_osc~.bundle"; sourceTree = BUILT_PRODUCTS_DIR; };
		A482E817509786E89A826657 /* libsoundpipe.a */ = {isa = PBXFileReference; lastKnownFileType = archive.ar; name = libsoundpipe.a; path = ../lib/libsoundpipe.a; sourceTree = "<group>"; };
/* End PBXFileReference section */

/* Begin PBXFrameworksBuildPhase section */
		CA0998EAB731DD15DCEF3353 /* Frameworks */ = {
			isa = PBXFrameworksBuildPhase;
			buildActionMask = 2147483647;
			files = (
				D4CEDC47B6D8AA8156F191C2 /* CoreFoundation.framework in Frameworks */,
				F6DF62B275B0191A98AE419C /* libsndfile.a in Frameworks */,
				ADDE66B60BE46DA22546F986 /* libsoundpipe.a in Frameworks */,
			);
			runOnlyForDeploymentPostprocessing = 0;
		};
/* End PBXFrameworksBuildPhase section */

/* Begin PBXGroup section */
		341168BD8BE1EF917A14BAF2 /* src */ = {
			isa = PBXGroup;
			children = (
				290D723B95D7A7FA503B22AE /* sp_osc~.c */,
			);
			path = src;
			sourceTree = "<group>";
		};
		833E76145A8CB2A06FBCBDE6 = {
			isa = PBXGroup;
			children = (
				03DFE615237F8175CAA86ECD /* include */,
				AEF09A1EA302216F3A87FE1A /* sp_osc~ */,
				341168BD8BE1EF917A14BAF2 /* src */,
				D7C648E5B50AAC8C4A0661FA /* Frameworks */,
				878B3E6841D13DA5E237DE4E /* Products */,
			);
			sourceTree = "<group>";
		};
		878B3E6841D13DA5E237DE4E /* Products */ = {
			isa = PBXGroup;
			children = (
				7BEB142AED7A8B2CBD9AB898 /* sp_osc~.bundle */,
			);
			name = Products;
			sourceTree = "<group>";
		};
		AEF09A1EA302216F3A87FE1A /* sp_osc~ */ = {
			isa = PBXGroup;
			children = (
				7AF9CA98F51B7AC81CE5045A /* project.xcconfig */,
			);
			name = "sp_osc~";
			path = .;
			sourceTree = "<group>";
		};
		D7C648E5B50AAC8C4A0661FA /* Frameworks */ = {
			isa = PBXGroup;
			children = (
				0B0E241EAAB66EFD174C2F40 /* CoreFoundation.framework */,
				3C317CCEACB9122609D47C4B /* libsndfile.a */,
				A482E817509786E89A826657 /* libsoundpipe.a */,
			);
			name = Frameworks;
			sourceTree = "<group>";
		};
/* End PBXGroup section */

/* Begin PBXNativeTarget section */
		D6C432DF43AB69CFAC9B8805 /* sp_osc~ */ = {
			isa = PBXNativeTarget;
			buildConfigurationList = B3AD0B7DA35385814E670718 /* Build configuration list for PBXNativeTarget "sp_osc~" */;
			buildPhases = (
				3D726AEF61538B734D469162 /* Sources */,
				CA0998EAB731DD15DCEF3353 /* Frameworks */,
			);
			buildRules = (
			);
			dependencies = (
			);
			name = "sp_osc~";
			productName = "sp_osc~";
			productReference = 7BEB142AED7A8B2CBD9AB898 /* sp_osc~.bundle */;
			productType = "com.apple.product-type.bundle";
		};
/* End PBXNativeTarget section */

/* Begin PBXProject section */
		FAB017645F75D9EEC24EC6C3 /* Project object */ = {
			isa = PBXProject;
			attributes = {
				LastUpgradeCheck = 1200;
				TargetAttributes = {
					D6C432DF43AB69CFAC9B8805 = {
						DevelopmentTeam = "";
					};
				};
			};
			buildConfigurationList = 7D4D76A79C0ACEF69068505B /* Build configuration list for PBXProject "sp_osc~" */;
			compatibilityVersion = "Xcode 10.0";
			developmentRegion = en;
			hasScannedForEncodings = 0;
			knownRegions = (
				Base,
				en,
			);
			mainGroup = 833E76145A8CB2A06FBCBDE6;
			projectDirPath = "";
			projectRoot = "";
			targets = (
				D6C432DF43AB69CFAC9B8805 /* sp_osc~ */,
			);
		};
/* End PBXProject section */

/* Begin PBXSourcesBuildPhase section */
		3D726AEF61538B734D469162 /* Sources */ = {
			isa = PBXSourcesBuildPhase;
			buildActionMask = 2147483647;
			files = (
				B0EF876E2A82F7915DF63857 /* sp_osc~.c in Sources */,
			);
			runOnlyForDeploymentPostprocessing = 0;
		};
/* End PBXSourcesBuildPhase section */

/* Begin XCBuildConfiguration section */
		306AEE9FD79F29561562D193 /* Release */ = {
			isa = XCBuildConfiguration;
			baseConfigurationReference = 7AF9CA98F51B7AC81CE5045A /* project.xcconfig */;
			buildSettings = {
				CODE_SIGN_IDENTITY = "-";
				COMBINE_HIDPI_IMAGES = YES;
				DEVELOPMENT_TEAM = "";
				FRAMEWORK_SEARCH_PATHS = (
					"$(inherited)",
					"\"../lib\"",
				);
				GCC_OPTIMIZATION_LEVEL = 0;
				HEADER_SEARCH_PATHS = (
					"$(C74SUPPORT)/max-includes",
					"$(C74SUPPORT)/msp-includes",
					"$(C74SUPPORT)/jit-includes",
					"$(PROJECT_HEADERS)",
				);
				INFOPLIST_FILE = "$(SRCROOT)/../../Info.plist";
				LD_RUNPATH_SEARCH_PATHS = (
					"$(inherited)",
					"@executable_path/../Frameworks",
				);
				LIBRARY_SEARCH_PATHS = "$(PROJECT_LIBS)";
				MACOSX_DEPLOYMENT_TARGET = 10.15;
				OTHER_LDFLAGS = (
					"$(C74_SYM_LINKER_FLAGS)",
					"$(PROJECT_LDFLAGS)",
				);
				PRODUCT_BUNDLE_IDENTIFIER = org.me.sndpipe;
				PRODUCT_NAME = "$(TARGET_NAME)";
				SDKROOT = macosx;
			};
			name = Release;
		};
		39A2DD39983B7126463230E1 /* Debug */ = {
			isa = XCBuildConfiguration;
			baseConfigurationReference = 7AF9CA98F51B7AC81CE5045A /* project.xcconfig */;
			buildSettings = {
				CODE_SIGN_IDENTITY = "-";
				COMBINE_HIDPI_IMAGES = YES;
				DEVELOPMENT_TEAM = "";
				FRAMEWORK_SEARCH_PATHS = (
					"$(inherited)",
					"\"../lib\"",
				);
				GCC_OPTIMIZATION_LEVEL = 0;
				HEADER_SEARCH_PATHS = (
					"$(C74SUPPORT)/max-includes",
					"$(C74SUPPORT)/msp-includes",
					"$(C74SUPPORT)/jit-includes",
					"$(PROJECT_HEADERS)",
				);
				INFOPLIST_FILE = "$(SRCROOT)/../../Info.plist";
				LD_RUNPATH_SEARCH_PATHS = (
					"$(inherited)",
					"@executable_path/../Frameworks",
				);
				LIBRARY_SEARCH_PATHS = "$(PROJECT_LIBS)";
				MACOSX_DEPLOYMENT_TARGET = 10.15;
				OTHER_LDFLAGS = (
					"$(C74_SYM_LINKER_FLAGS)",
					"$(PROJECT_LDFLAGS)",
				);
				PRODUCT_BUNDLE_IDENTIFIER = org.me.sndpipe;
				PRODUCT_NAME = "$(TARGET_NAME)";
				SDKROOT = macosx;
			};
			name = Debug;
		};
		937EAF4941B2FF3169EABFCA /* Debug */ = {
			isa = XCBuildConfiguration;
			buildSettings = {
				ALWAYS_SEARCH_USER_PATHS = NO;
				CLANG_ANALYZER_NONNULL = YES;
				CLANG_ANALYZER_NUMBER_OBJECT_CONVERSION = YES_AGGRESSIVE;
				CLANG_CXX_LANGUAGE_STANDARD = "gnu++14";
				CLANG_CXX_LIBRARY = "libc++";
				CLANG_ENABLE_MODULES = YES;
				CLANG_ENABLE_OBJC_ARC = YES;
				CLANG_ENABLE_OBJC_WEAK = YES;
				CLANG_WARN_BLOCK_CAPTURE_AUTORELEASING = YES;
				CLANG_WARN_BOOL_CONVERSION = YES;
				CLANG_WARN_COMMA = YES;
				CLANG_WARN_CONSTANT_CONVERSION = YES;
				CLANG_WARN_DEPRECATED_OBJC_IMPLEMENTATIONS = YES;
				CLANG_WARN_DIRECT_OBJC_ISA_USAGE = YES_ERROR;
				CLANG_WARN_DOCUMENTATION_COMMENTS = YES;
				CLANG_WARN_EMPTY_BODY = YES;
				CLANG_WARN_ENUM_CONVERSION = YES;
				CLANG_WARN_INFINITE_RECURSION = YES;
				CLANG_WARN_INT_CONVERSION = YES;
				CLANG_WARN_NON_LITERAL_NULL_CONVERSION = YES;
				CLANG_WARN_OBJC_IMPLICIT_RETAIN_SELF = YES;
				CLANG_WARN_OBJC_LITERAL_CONVERSION = YES;
				CLANG_WARN_OBJC_ROOT_CLASS = YES_ERROR;
				CLANG_WARN_QUOTED_INCLUDE_IN_FRAMEWORK_HEADER = YES;
				CLANG_WARN_RANGE_LOOP_ANALYSIS = YES;
				CLANG_WARN_STRICT_PROTOTYPES = YES;
				CLANG_WARN_SUSPICIOUS_MOVE = YES;
				CLANG_WARN_UNGUARDED_AVAILABILITY = YES_AGGRESSIVE;
				CLANG_WARN_UNREACHABLE_CODE = YES;
				CLANG_WARN__DUPLICATE_METHOD_MATCH = YES;
				COPY_PHASE_STRIP = NO;
				DEBUG_INFORMATION_FORMAT = dwarf;
				ENABLE_STRICT_OBJC_MSGSEND = YES;
				ENABLE_TESTABILITY = YES;
				GCC_C_LANGUAGE_STANDARD = gnu11;
				GCC_DYNAMIC_NO_PIC = NO;
				GCC_NO_COMMON_BLOCKS = YES;
				GCC_OPTIMIZATION_LEVEL = 0;
				GCC_PREPROCESSOR_DEFINITIONS = (
					"$(inherited)",
					"DEBUG=1",
				);
				GCC_WARN_64_TO_32_BIT_CONVERSION = YES;
				GCC_WARN_ABOUT_RETURN_TYPE = YES_ERROR;
				GCC_WARN_UNDECLARED_SELECTOR = YES;
				GCC_WARN_UNINITIALIZED_AUTOS = YES_AGGRESSIVE;
				GCC_WARN_UNUSED_FUNCTION = YES;
				GCC_WARN_UNUSED_VARIABLE = YES;
				MTL_ENABLE_DEBUG_INFO = INCLUDE_SOURCE;
				MTL_FAST_MATH = YES;
				ONLY_ACTIVE_ARCH = YES;
				PRODUCT_NAME = "$(TARGET_NAME)";
				SDKROOT = macosx;
				SWIFT_ACTIVE_COMPILATION_CONDITIONS = DEBUG;
				SWIFT_OPTIMIZATION_LEVEL = "-Onone";
				SWIFT_VERSION = 5.0;
			};
			name = Debug;
		};
		F69EE51DFCE51B8669B2937C /* Release */ = {
			isa = XCBuildConfiguration;
			buildSettings = {
				ALWAYS_SEARCH_USER_PATHS = NO;
				CLANG_ANALYZER_NONNULL = YES;
				CLANG_ANALYZER_NUMBER_OBJECT_CONVERSION = YES_AGGRESSIVE;
				CLANG_CXX_LANGUAGE_STANDARD = "gnu++14";
				CLANG_CXX_LIBRARY = "libc++";
				CLANG_ENABLE_MODULES = YES;
				CLANG_ENABLE_OBJC_ARC = YES;
				CLANG_ENABLE_OBJC_WEAK = YES;
				CLANG_WARN_BLOCK_CAPTURE_AUTORELEASING = YES;
				CLANG_WARN_BOOL_CONVERSION = YES;
				CLANG_WARN_COMMA = YES;
				CLANG_WARN_CONSTANT_CONVERSION = YES;
				CLANG_WARN_DEPRECATED_OBJC_IMPLEMENTATIONS = YES;
				CLANG_WARN_DIRECT_OBJC_ISA_USAGE = YES_ERROR;
				CLANG_WARN_DOCUMENTATION_COMMENTS = YES;
				CLANG_WARN_EMPTY_BODY = YES;
				CLANG_WARN_ENUM_CONVERSION = YES;
				CLANG_WARN_INFINITE_RECURSION = YES;
				CLANG_WARN_INT_CONVERSION = YES;
				CLANG_WARN_NON_LITERAL_NULL_CONVERSION = YES;
				CLANG_WARN_OBJC_IMPLICIT_RETAIN_SELF = YES;
				CLANG_WARN_OBJC_LITERAL_CONVERSION = YES;
				CLANG_WARN_OBJC_ROOT_CLASS = YES_ERROR;
				CLANG_WARN_QUOTED_INCLUDE_IN_FRAMEWORK_HEADER = YES;
				CLANG_WARN_RANGE_LOOP_ANALYSIS = YES;
				CLANG_WARN_STRICT_PROTOTYPES = YES;
				CLANG_WARN_SUSPICIOUS_MOVE = YES;
				CLANG_WARN_UNGUARDED_AVAILABILITY = YES_AGGRESSIVE;
				CLANG_WARN_UNREACHABLE_CODE = YES;
				CLANG_WARN__DUPLICATE_METHOD_MATCH = YES;
				COPY_PHASE_STRIP = NO;
				DEBUG_INFORMATION_FORMAT = "dwarf-with-dsym";
				ENABLE_NS_ASSERTIONS = NO;
				ENABLE_STRICT_OBJC_MSGSEND = YES;
				GCC_C_LANGUAGE_STANDARD = gnu11;
				GCC_NO_COMMON_BLOCKS = YES;
				GCC_WARN_64_TO_32_BIT_CONVERSION = YES;
				GCC_WARN_ABOUT_RETURN_TYPE = YES_ERROR;
				GCC_WARN_UNDECLARED_SELECTOR = YES;
				GCC_WARN_UNINITIALIZED_AUTOS = YES_AGGRESSIVE;
				GCC_WARN_UNUSED_FUNCTION = YES;
				GCC_WARN_UNUSED_VARIABLE = YES;
				MTL_ENABLE_DEBUG_INFO = NO;
				MTL_FAST_MATH = YES;
				PRODUCT_NAME = "$(TARGET_NAME)";
				SDKROOT = macosx;
				SWIFT_COMPILATION_MODE = wholemodule;
				SWIFT_OPTIMIZATION_LEVEL = "-O";
				SWIFT_VERSION = 5.0;
			};
			name = Release;
		};
/* End XCBuildConfiguration section */

/* Begin XCConfigurationList section */
		7D4D76A79C0ACEF69068505B /* Build configuration list for PBXProject "sp_osc~" */ = {
			isa = XCConfigurationList;
			buildConfigurations = (
				937EAF4941B2FF3169EABFCA /* Debug */,
				F69EE51DFCE51B8669B2937C /* Release */,
			);
			defaultConfigurationIsVisible = 0;
			defaultConfigurationName = Debug;
		};
		B3AD0B7DA35385814E670718 /* Build configuration list for PBXNativeTarget "sp_osc~" */ = {
			isa = XCConfigurationList;
			buildConfigurations = (
				39A2DD39983B7126463230E1 /* Debug */,
				306AEE9FD79F29561562D193 /* Release */,
			);
			defaultConfigurationIsVisible = 0;
			defaultConfigurationName = Debug;
		};
/* End XCConfigurationList section */
	};
	rootObject = FAB017645F75D9EEC24EC6C3 /* Project object */;
}
